
Microsoft Visual Studio Solution File, Format Version 12.00
# Visual Studio 15
VisualStudioVersion = 15.0.28307.539
MinimumVisualStudioVersion = 10.0.40219.1
Project("{FAE04EC0-301F-11D3-BF4B-00C04F79EFBC}") = "ConsoleApp2", "ConsoleApp2\ConsoleApp2.csproj", "{8F6BC75B-E2CA-4C03-A1D5-DD9B1796F82E}"
EndProject
Project("{FAE04EC0-301F-11D3-BF4B-00C04F79EFBC}") = "LoggerTestProject", "LoggerTestProject\LoggerTestProject.csproj", "{659CCA5D-352D-48E5-8155-C1C90D7FE0B3}"
EndProject
Global
	GlobalSection(SolutionConfigurationPlatforms) = preSolution
		Debug|Any CPU = Debug|Any CPU
		Release|Any CPU = Release|Any CPU
	EndGlobalSection
	GlobalSection(ProjectConfigurationPlatforms) = postSolution
		{8F6BC75B-E2CA-4C03-A1D5-DD9B1796F82E}.Debug|Any CPU.ActiveCfg = Debug|Any CPU
		{8F6BC75B-E2CA-4C03-A1D5-DD9B1796F82E}.Debug|Any CPU.Build.0 = Debug|Any CPU
		{8F6BC75B-E2CA-4C03-A1D5-DD9B1796F82E}.Release|Any CPU.ActiveCfg = Release|Any CPU
		{8F6BC75B-E2CA-4C03-A1D5-DD9B1796F82E}.Release|Any CPU.Build.0 = Release|Any CPU
		{659CCA5D-352D-48E5-8155-C1C90D7FE0B3}.Debug|Any CPU.ActiveCfg = Debug|Any CPU
		{659CCA5D-352D-48E5-8155-C1C90D7FE0B3}.Debug|Any CPU.Build.0 = Debug|Any CPU
		{659CCA5D-352D-48E5-8155-C1C90D7FE0B3}.Release|Any CPU.ActiveCfg = Release|Any CPU
		{659CCA5D-352D-48E5-8155-C1C90D7FE0B3}.Release|Any CPU.Build.0 = Release|Any CPU
	EndGlobalSection
	GlobalSection(SolutionProperties) = preSolution
		HideSolutionNode = FALSE
	EndGlobalSection
	GlobalSection(ExtensibilityGlobals) = postSolution
		SolutionGuid = {ABDE0190-32EF-483D-8ACC-594742D535A2}
	EndGlobalSection
EndGlobal
